
Microsoft Visual Studio Solution File, Format Version 12.00
Project("{F184B08F-C81C-45F6-A57F-5ABD9991F28F}") = "Maelstrom", "Maelstrom\Maelstrom.vbproj", "{5CCE6FEA-8ABD-4E0D-AA78-00A3074ACBDB}"
EndProject
Global
	GlobalSection(SolutionConfigurationPlatforms) = preSolution
		Debug|Any CPU = Debug|Any CPU
		Release|Any CPU = Release|Any CPU
	EndGlobalSection
	GlobalSection(ProjectConfigurationPlatforms) = postSolution
		{5CCE6FEA-8ABD-4E0D-AA78-00A3074ACBDB}.Debug|Any CPU.ActiveCfg = Debug|Any CPU
		{5CCE6FEA-8ABD-4E0D-AA78-00A3074ACBDB}.Debug|Any CPU.Build.0 = Debug|Any CPU
		{5CCE6FEA-8ABD-4E0D-AA78-00A3074ACBDB}.Release|Any CPU.ActiveCfg = Release|Any CPU
		{5CCE6FEA-8ABD-4E0D-AA78-00A3074ACBDB}.Release|Any CPU.Build.0 = Release|Any CPU
	EndGlobalSection
EndGlobal
