
Microsoft Visual Studio Solution File, Format Version 12.00
Project("{F184B08F-C81C-45F6-A57F-5ABD9991F28F}") = "Maelstrom", "Maelstrom\Maelstrom.vbproj", "{1E678F69-9AC5-4B39-896C-A708833DD159}"
EndProject
Project("{F184B08F-C81C-45F6-A57F-5ABD9991F28F}") = "Tests", "Tests\Tests.vbproj", "{62C73362-14D9-426B-AD9A-78725BF6B31D}"
EndProject
Global
	GlobalSection(SolutionConfigurationPlatforms) = preSolution
		Debug|Any CPU = Debug|Any CPU
		Release|Any CPU = Release|Any CPU
	EndGlobalSection
	GlobalSection(ProjectConfigurationPlatforms) = postSolution
		{1E678F69-9AC5-4B39-896C-A708833DD159}.Debug|Any CPU.ActiveCfg = Debug|Any CPU
		{1E678F69-9AC5-4B39-896C-A708833DD159}.Debug|Any CPU.Build.0 = Debug|Any CPU
		{1E678F69-9AC5-4B39-896C-A708833DD159}.Release|Any CPU.ActiveCfg = Release|Any CPU
		{1E678F69-9AC5-4B39-896C-A708833DD159}.Release|Any CPU.Build.0 = Release|Any CPU
		{62C73362-14D9-426B-AD9A-78725BF6B31D}.Debug|Any CPU.ActiveCfg = Debug|Any CPU
		{62C73362-14D9-426B-AD9A-78725BF6B31D}.Debug|Any CPU.Build.0 = Debug|Any CPU
		{62C73362-14D9-426B-AD9A-78725BF6B31D}.Release|Any CPU.ActiveCfg = Release|Any CPU
		{62C73362-14D9-426B-AD9A-78725BF6B31D}.Release|Any CPU.Build.0 = Release|Any CPU
	EndGlobalSection
EndGlobal
