
Microsoft Visual Studio Solution File, Format Version 12.00
Project("{F184B08F-C81C-45F6-A57F-5ABD9991F28F}") = "Networking", "Networking\Networking.vbproj", "{91C0BA12-850B-4854-92F2-7590D859833F}"
EndProject
Project("{F184B08F-C81C-45F6-A57F-5ABD9991F28F}") = "NetworkingTester", "NetworkingTester\NetworkingTester.vbproj", "{B1233C93-1146-4A6D-8364-AD8389887B38}"
EndProject
Project("{F184B08F-C81C-45F6-A57F-5ABD9991F28F}") = "ClientServerTestLib", "ClientServerTestLib\ClientServerTestLib.vbproj", "{13FB1CFC-B3B1-4148-BC59-76D64A65109E}"
EndProject
Global
	GlobalSection(SolutionConfigurationPlatforms) = preSolution
		Debug|Any CPU = Debug|Any CPU
		Release|Any CPU = Release|Any CPU
	EndGlobalSection
	GlobalSection(ProjectConfigurationPlatforms) = postSolution
		{91C0BA12-850B-4854-92F2-7590D859833F}.Debug|Any CPU.ActiveCfg = Debug|Any CPU
		{91C0BA12-850B-4854-92F2-7590D859833F}.Debug|Any CPU.Build.0 = Debug|Any CPU
		{91C0BA12-850B-4854-92F2-7590D859833F}.Release|Any CPU.ActiveCfg = Release|Any CPU
		{91C0BA12-850B-4854-92F2-7590D859833F}.Release|Any CPU.Build.0 = Release|Any CPU
		{B1233C93-1146-4A6D-8364-AD8389887B38}.Debug|Any CPU.ActiveCfg = Debug|Any CPU
		{B1233C93-1146-4A6D-8364-AD8389887B38}.Debug|Any CPU.Build.0 = Debug|Any CPU
		{B1233C93-1146-4A6D-8364-AD8389887B38}.Release|Any CPU.ActiveCfg = Release|Any CPU
		{B1233C93-1146-4A6D-8364-AD8389887B38}.Release|Any CPU.Build.0 = Release|Any CPU
		{13FB1CFC-B3B1-4148-BC59-76D64A65109E}.Debug|Any CPU.ActiveCfg = Debug|Any CPU
		{13FB1CFC-B3B1-4148-BC59-76D64A65109E}.Debug|Any CPU.Build.0 = Debug|Any CPU
		{13FB1CFC-B3B1-4148-BC59-76D64A65109E}.Release|Any CPU.ActiveCfg = Release|Any CPU
		{13FB1CFC-B3B1-4148-BC59-76D64A65109E}.Release|Any CPU.Build.0 = Release|Any CPU
	EndGlobalSection
EndGlobal
